
Microsoft Visual Studio Solution File, Format Version 12.00
# Visual Studio Version 16
VisualStudioVersion = 16.0.31424.327
MinimumVisualStudioVersion = 10.0.40219.1
Project("{FAE04EC0-301F-11D3-BF4B-00C04F79EFBC}") = "AppxBundleBuilder", "AppxBundleBuilder\AppxBundleBuilder.csproj", "{3F1C3225-AF5C-47DD-AF0E-5430CCB5D881}"
EndProject
Global
	GlobalSection(SolutionConfigurationPlatforms) = preSolution
		Debug|Any CPU = Debug|Any CPU
		Release|Any CPU = Release|Any CPU
	EndGlobalSection
	GlobalSection(ProjectConfigurationPlatforms) = postSolution
		{3F1C3225-AF5C-47DD-AF0E-5430CCB5D881}.Debug|Any CPU.ActiveCfg = Debug|Any CPU
		{3F1C3225-AF5C-47DD-AF0E-5430CCB5D881}.Debug|Any CPU.Build.0 = Debug|Any CPU
		{3F1C3225-AF5C-47DD-AF0E-5430CCB5D881}.Release|Any CPU.ActiveCfg = Release|Any CPU
		{3F1C3225-AF5C-47DD-AF0E-5430CCB5D881}.Release|Any CPU.Build.0 = Release|Any CPU
	EndGlobalSection
	GlobalSection(SolutionProperties) = preSolution
		HideSolutionNode = FALSE
	EndGlobalSection
	GlobalSection(ExtensibilityGlobals) = postSolution
		SolutionGuid = {17D761D0-4660-44DD-A8B3-BF45A4F4BB6D}
	EndGlobalSection
EndGlobal
